// !$*UTF8*$!
{
	archiveVersion = 1;
	classes = {
	};
	objectVersion = 50;
	objects = {

/* Begin PBXBuildFile section */
		7A6E1D7F23B4EC6600AFFF61 /* Church.swift in Sources */ = {isa = PBXBuildFile; fileRef = 7A6E1D7E23B4EC6600AFFF61 /* Church.swift */; };
		7A6E1D8723B5607E00AFFF61 /* SwiftyJSON.swift in Sources */ = {isa = PBXBuildFile; fileRef = 7A6E1D8623B5607E00AFFF61 /* SwiftyJSON.swift */; };
		7A9C5A2023B6975200CD8130 /* Churches.json in Resources */ = {isa = PBXBuildFile; fileRef = 7A9C5A1F23B6975200CD8130 /* Churches.json */; };
		7AF7A5A323B123C600085B2F /* AppDelegate.swift in Sources */ = {isa = PBXBuildFile; fileRef = 7AF7A5A223B123C600085B2F /* AppDelegate.swift */; };
		7AF7A5A523B123C600085B2F /* SceneDelegate.swift in Sources */ = {isa = PBXBuildFile; fileRef = 7AF7A5A423B123C600085B2F /* SceneDelegate.swift */; };
		7AF7A5A723B123C600085B2F /* ViewController.swift in Sources */ = {isa = PBXBuildFile; fileRef = 7AF7A5A623B123C600085B2F /* ViewController.swift */; };
		7AF7A5AA23B123C600085B2F /* Main.storyboard in Resources */ = {isa = PBXBuildFile; fileRef = 7AF7A5A823B123C600085B2F /* Main.storyboard */; };
		7AF7A5AC23B123C700085B2F /* Assets.xcassets in Resources */ = {isa = PBXBuildFile; fileRef = 7AF7A5AB23B123C700085B2F /* Assets.xcassets */; };
		7AF7A5AF23B123C700085B2F /* LaunchScreen.storyboard in Resources */ = {isa = PBXBuildFile; fileRef = 7AF7A5AD23B123C700085B2F /* LaunchScreen.storyboard */; };
/* End PBXBuildFile section */

/* Begin PBXFileReference section */
		7A6E1D7E23B4EC6600AFFF61 /* Church.swift */ = {isa = PBXFileReference; lastKnownFileType = sourcecode.swift; path = Church.swift; sourceTree = "<group>"; };
		7A6E1D8623B5607E00AFFF61 /* SwiftyJSON.swift */ = {isa = PBXFileReference; fileEncoding = 4; lastKnownFileType = sourcecode.swift; name = SwiftyJSON.swift; path = "../../SwiftyJSON-master/Source/SwiftyJSON/SwiftyJSON.swift"; sourceTree = "<group>"; };
		7A9C5A1F23B6975200CD8130 /* Churches.json */ = {isa = PBXFileReference; fileEncoding = 4; lastKnownFileType = text.json; name = Churches.json; path = ../../Churches.json; sourceTree = "<group>"; };
		7AF7A59F23B123C600085B2F /* LeiriaMap.app */ = {isa = PBXFileReference; explicitFileType = wrapper.application; includeInIndex = 0; path = LeiriaMap.app; sourceTree = BUILT_PRODUCTS_DIR; };
		7AF7A5A223B123C600085B2F /* AppDelegate.swift */ = {isa = PBXFileReference; lastKnownFileType = sourcecode.swift; path = AppDelegate.swift; sourceTree = "<group>"; };
		7AF7A5A423B123C600085B2F /* SceneDelegate.swift */ = {isa = PBXFileReference; lastKnownFileType = sourcecode.swift; path = SceneDelegate.swift; sourceTree = "<group>"; };
		7AF7A5A623B123C600085B2F /* ViewController.swift */ = {isa = PBXFileReference; lastKnownFileType = sourcecode.swift; path = ViewController.swift; sourceTree = "<group>"; };
		7AF7A5A923B123C600085B2F /* Base */ = {isa = PBXFileReference; lastKnownFileType = file.storyboard; name = Base; path = Base.lproj/Main.storyboard; sourceTree = "<group>"; };
		7AF7A5AB23B123C700085B2F /* Assets.xcassets */ = {isa = PBXFileReference; lastKnownFileType = folder.assetcatalog; path = Assets.xcassets; sourceTree = "<group>"; };
		7AF7A5AE23B123C700085B2F /* Base */ = {isa = PBXFileReference; lastKnownFileType = file.storyboard; name = Base; path = Base.lproj/LaunchScreen.storyboard; sourceTree = "<group>"; };
		7AF7A5B023B123C700085B2F /* Info.plist */ = {isa = PBXFileReference; lastKnownFileType = text.plist.xml; path = Info.plist; sourceTree = "<group>"; };
/* End PBXFileReference section */

/* Begin PBXFrameworksBuildPhase section */
		7AF7A59C23B123C600085B2F /* Frameworks */ = {
			isa = PBXFrameworksBuildPhase;
			buildActionMask = 2147483647;
			files = (
			);
			runOnlyForDeploymentPostprocessing = 0;
		};
/* End PBXFrameworksBuildPhase section */

/* Begin PBXGroup section */
		7AF7A59623B123C600085B2F = {
			isa = PBXGroup;
			children = (
				7AF7A5A123B123C600085B2F /* LeiriaMap */,
				7AF7A5A023B123C600085B2F /* Products */,
			);
			sourceTree = "<group>";
		};
		7AF7A5A023B123C600085B2F /* Products */ = {
			isa = PBXGroup;
			children = (
				7AF7A59F23B123C600085B2F /* LeiriaMap.app */,
			);
			name = Products;
			sourceTree = "<group>";
		};
		7AF7A5A123B123C600085B2F /* LeiriaMap */ = {
			isa = PBXGroup;
			children = (
				7AF7A5A223B123C600085B2F /* AppDelegate.swift */,
				7A9C5A1F23B6975200CD8130 /* Churches.json */,
				7A6E1D8623B5607E00AFFF61 /* SwiftyJSON.swift */,
				7AF7A5A423B123C600085B2F /* SceneDelegate.swift */,
				7AF7A5A623B123C600085B2F /* ViewController.swift */,
				7A6E1D7E23B4EC6600AFFF61 /* Church.swift */,
				7AF7A5A823B123C600085B2F /* Main.storyboard */,
				7AF7A5AB23B123C700085B2F /* Assets.xcassets */,
				7AF7A5AD23B123C700085B2F /* LaunchScreen.storyboard */,
				7AF7A5B023B123C700085B2F /* Info.plist */,
			);
			path = LeiriaMap;
			sourceTree = "<group>";
		};
/* End PBXGroup section */

/* Begin PBXNativeTarget section */
		7AF7A59E23B123C600085B2F /* LeiriaMap */ = {
			isa = PBXNativeTarget;
			buildConfigurationList = 7AF7A5B323B123C700085B2F /* Build configuration list for PBXNativeTarget "LeiriaMap" */;
			buildPhases = (
				7AF7A59B23B123C600085B2F /* Sources */,
				7AF7A59C23B123C600085B2F /* Frameworks */,
				7AF7A59D23B123C600085B2F /* Resources */,
			);
			buildRules = (
			);
			dependencies = (
			);
			name = LeiriaMap;
			productName = LeiriaMap;
			productReference = 7AF7A59F23B123C600085B2F /* LeiriaMap.app */;
			productType = "com.apple.product-type.application";
		};
/* End PBXNativeTarget section */

/* Begin PBXProject section */
		7AF7A59723B123C600085B2F /* Project object */ = {
			isa = PBXProject;
			attributes = {
				LastSwiftUpdateCheck = 1100;
				LastUpgradeCheck = 1100;
				ORGANIZATIONNAME = "Mohammad Saiful Kabir";
				TargetAttributes = {
					7AF7A59E23B123C600085B2F = {
						CreatedOnToolsVersion = 11.0;
					};
				};
			};
			buildConfigurationList = 7AF7A59A23B123C600085B2F /* Build configuration list for PBXProject "LeiriaMap" */;
			compatibilityVersion = "Xcode 9.3";
			developmentRegion = en;
			hasScannedForEncodings = 0;
			knownRegions = (
				en,
				Base,
			);
			mainGroup = 7AF7A59623B123C600085B2F;
			productRefGroup = 7AF7A5A023B123C600085B2F /* Products */;
			projectDirPath = "";
			projectRoot = "";
			targets = (
				7AF7A59E23B123C600085B2F /* LeiriaMap */,
			);
		};
/* End PBXProject section */

/* Begin PBXResourcesBuildPhase section */
		7AF7A59D23B123C600085B2F /* Resources */ = {
			isa = PBXResourcesBuildPhase;
			buildActionMask = 2147483647;
			files = (
				7AF7A5AF23B123C700085B2F /* LaunchScreen.storyboard in Resources */,
				7AF7A5AC23B123C700085B2F /* Assets.xcassets in Resources */,
				7A9C5A2023B6975200CD8130 /* Churches.json in Resources */,
				7AF7A5AA23B123C600085B2F /* Main.storyboard in Resources */,
			);
			runOnlyForDeploymentPostprocessing = 0;
		};
/* End PBXResourcesBuildPhase section */

/* Begin PBXSourcesBuildPhase section */
		7AF7A59B23B123C600085B2F /* Sources */ = {
			isa = PBXSourcesBuildPhase;
			buildActionMask = 2147483647;
			files = (
				7A6E1D7F23B4EC6600AFFF61 /* Church.swift in Sources */,
				7AF7A5A723B123C600085B2F /* ViewController.swift in Sources */,
				7AF7A5A323B123C600085B2F /* AppDelegate.swift in Sources */,
				7A6E1D8723B5607E00AFFF61 /* SwiftyJSON.swift in Sources */,
				7AF7A5A523B123C600085B2F /* SceneDelegate.swift in Sources */,
			);
			runOnlyForDeploymentPostprocessing = 0;
		};
/* End PBXSourcesBuildPhase section */

/* Begin PBXVariantGroup section */
		7AF7A5A823B123C600085B2F /* Main.storyboard */ = {
			isa = PBXVariantGroup;
			children = (
				7AF7A5A923B123C600085B2F /* Base */,
			);
			name = Main.storyboard;
			sourceTree = "<group>";
		};
		7AF7A5AD23B123C700085B2F /* LaunchScreen.storyboard */ = {
			isa = PBXVariantGroup;
			children = (
				7AF7A5AE23B123C700085B2F /* Base */,
			);
			name = LaunchScreen.storyboard;
			sourceTree = "<group>";
		};
/* End PBXVariantGroup section */

/* Begin XCBuildConfiguration section */
		7AF7A5B123B123C700085B2F /* Debug */ = {
			isa = XCBuildConfiguration;
			buildSettings = {
				ALWAYS_SEARCH_USER_PATHS = NO;
				CLANG_ANALYZER_NONNULL = YES;
				CLANG_ANALYZER_NUMBER_OBJECT_CONVERSION = YES_AGGRESSIVE;
				CLANG_CXX_LANGUAGE_STANDARD = "gnu++14";
				CLANG_CXX_LIBRARY = "libc++";
				CLANG_ENABLE_MODULES = YES;
				CLANG_ENABLE_OBJC_ARC = YES;
				CLANG_ENABLE_OBJC_WEAK = YES;
				CLANG_WARN_BLOCK_CAPTURE_AUTORELEASING = YES;
				CLANG_WARN_BOOL_CONVERSION = YES;
				CLANG_WARN_COMMA = YES;
				CLANG_WARN_CONSTANT_CONVERSION = YES;
				CLANG_WARN_DEPRECATED_OBJC_IMPLEMENTATIONS = YES;
				CLANG_WARN_DIRECT_OBJC_ISA_USAGE = YES_ERROR;
				CLANG_WARN_DOCUMENTATION_COMMENTS = YES;
				CLANG_WARN_EMPTY_BODY = YES;
				CLANG_WARN_ENUM_CONVERSION = YES;
				CLANG_WARN_INFINITE_RECURSION = YES;
				CLANG_WARN_INT_CONVERSION = YES;
				CLANG_WARN_NON_LITERAL_NULL_CONVERSION = YES;
				CLANG_WARN_OBJC_IMPLICIT_RETAIN_SELF = YES;
				CLANG_WARN_OBJC_LITERAL_CONVERSION = YES;
				CLANG_WARN_OBJC_ROOT_CLASS = YES_ERROR;
				CLANG_WARN_RANGE_LOOP_ANALYSIS = YES;
				CLANG_WARN_STRICT_PROTOTYPES = YES;
				CLANG_WARN_SUSPICIOUS_MOVE = YES;
				CLANG_WARN_UNGUARDED_AVAILABILITY = YES_AGGRESSIVE;
				CLANG_WARN_UNREACHABLE_CODE = YES;
				CLANG_WARN__DUPLICATE_METHOD_MATCH = YES;
				COPY_PHASE_STRIP = NO;
				DEBUG_INFORMATION_FORMAT = dwarf;
				ENABLE_STRICT_OBJC_MSGSEND = YES;
				ENABLE_TESTABILITY = YES;
				GCC_C_LANGUAGE_STANDARD = gnu11;
				GCC_DYNAMIC_NO_PIC = NO;
				GCC_NO_COMMON_BLOCKS = YES;
				GCC_OPTIMIZATION_LEVEL = 0;
				GCC_PREPROCESSOR_DEFINITIONS = (
					"DEBUG=1",
					"$(inherited)",
				);
				GCC_WARN_64_TO_32_BIT_CONVERSION = YES;
				GCC_WARN_ABOUT_RETURN_TYPE = YES_ERROR;
				GCC_WARN_UNDECLARED_SELECTOR = YES;
				GCC_WARN_UNINITIALIZED_AUTOS = YES_AGGRESSIVE;
				GCC_WARN_UNUSED_FUNCTION = YES;
				GCC_WARN_UNUSED_VARIABLE = YES;
				IPHONEOS_DEPLOYMENT_TARGET = 13.0;
				MTL_ENABLE_DEBUG_INFO = INCLUDE_SOURCE;
				MTL_FAST_MATH = YES;
				ONLY_ACTIVE_ARCH = YES;
				SDKROOT = iphoneos;
				SWIFT_ACTIVE_COMPILATION_CONDITIONS = DEBUG;
				SWIFT_OPTIMIZATION_LEVEL = "-Onone";
			};
			name = Debug;
		};
		7AF7A5B223B123C700085B2F /* Release */ = {
			isa = XCBuildConfiguration;
			buildSettings = {
				ALWAYS_SEARCH_USER_PATHS = NO;
				CLANG_ANALYZER_NONNULL = YES;
				CLANG_ANALYZER_NUMBER_OBJECT_CONVERSION = YES_AGGRESSIVE;
				CLANG_CXX_LANGUAGE_STANDARD = "gnu++14";
				CLANG_CXX_LIBRARY = "libc++";
				CLANG_ENABLE_MODULES = YES;
				CLANG_ENABLE_OBJC_ARC = YES;
				CLANG_ENABLE_OBJC_WEAK = YES;
				CLANG_WARN_BLOCK_CAPTURE_AUTORELEASING = YES;
				CLANG_WARN_BOOL_CONVERSION = YES;
				CLANG_WARN_COMMA = YES;
				CLANG_WARN_CONSTANT_CONVERSION = YES;
				CLANG_WARN_DEPRECATED_OBJC_IMPLEMENTATIONS = YES;
				CLANG_WARN_DIRECT_OBJC_ISA_USAGE = YES_ERROR;
				CLANG_WARN_DOCUMENTATION_COMMENTS = YES;
				CLANG_WARN_EMPTY_BODY = YES;
				CLANG_WARN_ENUM_CONVERSION = YES;
				CLANG_WARN_INFINITE_RECURSION = YES;
				CLANG_WARN_INT_CONVERSION = YES;
				CLANG_WARN_NON_LITERAL_NULL_CONVERSION = YES;
				CLANG_WARN_OBJC_IMPLICIT_RETAIN_SELF = YES;
				CLANG_WARN_OBJC_LITERAL_CONVERSION = YES;
				CLANG_WARN_OBJC_ROOT_CLASS = YES_ERROR;
				CLANG_WARN_RANGE_LOOP_ANALYSIS = YES;
				CLANG_WARN_STRICT_PROTOTYPES = YES;
				CLANG_WARN_SUSPICIOUS_MOVE = YES;
				CLANG_WARN_UNGUARDED_AVAILABILITY = YES_AGGRESSIVE;
				CLANG_WARN_UNREACHABLE_CODE = YES;
				CLANG_WARN__DUPLICATE_METHOD_MATCH = YES;
				COPY_PHASE_STRIP = NO;
				DEBUG_INFORMATION_FORMAT = "dwarf-with-dsym";
				ENABLE_NS_ASSERTIONS = NO;
				ENABLE_STRICT_OBJC_MSGSEND = YES;
				GCC_C_LANGUAGE_STANDARD = gnu11;
				GCC_NO_COMMON_BLOCKS = YES;
				GCC_WARN_64_TO_32_BIT_CONVERSION = YES;
				GCC_WARN_ABOUT_RETURN_TYPE = YES_ERROR;
				GCC_WARN_UNDECLARED_SELECTOR = YES;
				GCC_WARN_UNINITIALIZED_AUTOS = YES_AGGRESSIVE;
				GCC_WARN_UNUSED_FUNCTION = YES;
				GCC_WARN_UNUSED_VARIABLE = YES;
				IPHONEOS_DEPLOYMENT_TARGET = 13.0;
				MTL_ENABLE_DEBUG_INFO = NO;
				MTL_FAST_MATH = YES;
				SDKROOT = iphoneos;
				SWIFT_COMPILATION_MODE = wholemodule;
				SWIFT_OPTIMIZATION_LEVEL = "-O";
				VALIDATE_PRODUCT = YES;
			};
			name = Release;
		};
		7AF7A5B423B123C700085B2F /* Debug */ = {
			isa = XCBuildConfiguration;
			buildSettings = {
				ASSETCATALOG_COMPILER_APPICON_NAME = AppIcon;
				CODE_SIGN_STYLE = Automatic;
				INFOPLIST_FILE = LeiriaMap/Info.plist;
				LD_RUNPATH_SEARCH_PATHS = (
					"$(inherited)",
					"@executable_path/Frameworks",
				);
				PRODUCT_BUNDLE_IDENTIFIER = Ipl.LeiriaMap;
				PRODUCT_NAME = "$(TARGET_NAME)";
				SWIFT_VERSION = 5.0;
				TARGETED_DEVICE_FAMILY = "1,2";
			};
			name = Debug;
		};
		7AF7A5B523B123C700085B2F /* Release */ = {
			isa = XCBuildConfiguration;
			buildSettings = {
				ASSETCATALOG_COMPILER_APPICON_NAME = AppIcon;
				CODE_SIGN_STYLE = Automatic;
				INFOPLIST_FILE = LeiriaMap/Info.plist;
				LD_RUNPATH_SEARCH_PATHS = (
					"$(inherited)",
					"@executable_path/Frameworks",
				);
				PRODUCT_BUNDLE_IDENTIFIER = Ipl.LeiriaMap;
				PRODUCT_NAME = "$(TARGET_NAME)";
				SWIFT_VERSION = 5.0;
				TARGETED_DEVICE_FAMILY = "1,2";
			};
			name = Release;
		};
/* End XCBuildConfiguration section */

/* Begin XCConfigurationList section */
		7AF7A59A23B123C600085B2F /* Build configuration list for PBXProject "LeiriaMap" */ = {
			isa = XCConfigurationList;
			buildConfigurations = (
				7AF7A5B123B123C700085B2F /* Debug */,
				7AF7A5B223B123C700085B2F /* Release */,
			);
			defaultConfigurationIsVisible = 0;
			defaultConfigurationName = Release;
		};
		7AF7A5B323B123C700085B2F /* Build configuration list for PBXNativeTarget "LeiriaMap" */ = {
			isa = XCConfigurationList;
			buildConfigurations = (
				7AF7A5B423B123C700085B2F /* Debug */,
				7AF7A5B523B123C700085B2F /* Release */,
			);
			defaultConfigurationIsVisible = 0;
			defaultConfigurationName = Release;
		};
/* End XCConfigurationList section */
	};
	rootObject = 7AF7A59723B123C600085B2F /* Project object */;
}
